{
  "name": "hello-fail",
  "version": "1.0.0",
  "lockfileVersion": 1,
  "requires": true,
  "dependencies": {
    "@nodert-win10-rs4/windows.security.credentials.ui": {
      "version": "0.4.4",
      "resolved": "https://registry.npmjs.org/@nodert-win10-rs4/windows.security.credentials.ui/-/windows.security.credentials.ui-0.4.4.tgz",
      "integrity": "sha512-P+EsJw5MCQXTxp7mwXfNDvIzIYsB6ple+HNg01QjPWg/PJfAodPuxL6XM7l0sPtYHsDYnfnvoefZMdZRa2Z1ig==",
      "requires": {
        "nan": "^2.14.1"
      }
    },
    "nan": {
      "version": "2.14.1",
      "resolved": "https://registry.npmjs.org/nan/-/nan-2.14.1.tgz",
      "integrity": "sha512-isWHgVjnFjh2x2yuJ/tj3JbwoHu3UC2dX5G/88Cm24yB6YopVgxvBObDY7n5xW6ExmFhJpSEQqFPvq9zaXc8Jw=="
    }
  }
}
